
Microsoft Visual Studio Solution File, Format Version 12.00
# Visual Studio Version 17
VisualStudioVersion = 17.5.33530.505
MinimumVisualStudioVersion = 10.0.40219.1
Project("{9A19103F-16F7-4668-BE54-9A1E7A4F7556}") = "BSynchroRJP", "BSynchroRJP\BSynchroRJP.csproj", "{F4DCB939-CFA1-4722-862A-BB1566655BB8}"
EndProject
Project("{9A19103F-16F7-4668-BE54-9A1E7A4F7556}") = "BSynchroRJP.Domain", "BSynchroRJP.Domain\BSynchroRJP.Domain.csproj", "{71037962-B62B-4FDB-A696-A565834E233C}"
EndProject
Project("{9A19103F-16F7-4668-BE54-9A1E7A4F7556}") = "BSynchroRJP.Application", "BSynchroRJP.Application\BSynchroRJP.Application.csproj", "{25C2A93F-F551-4624-A704-EF35BDA79FBA}"
EndProject
Project("{9A19103F-16F7-4668-BE54-9A1E7A4F7556}") = "BSynchroRJP.Application.Contracts", "BSynchroRJP.Application.Contracts\BSynchroRJP.Application.Contracts.csproj", "{E9D22551-FC28-4672-9D1D-8ADDCB0EE953}"
EndProject
Project("{9A19103F-16F7-4668-BE54-9A1E7A4F7556}") = "BSynchroRJP.Infrastructure", "BSynchroRJP.Infrastructure\BSynchroRJP.Infrastructure.csproj", "{B0C42682-692C-4E81-8B6D-7ACDE8C69E06}"
EndProject
Global
	GlobalSection(SolutionConfigurationPlatforms) = preSolution
		Debug|Any CPU = Debug|Any CPU
		Release|Any CPU = Release|Any CPU
	EndGlobalSection
	GlobalSection(ProjectConfigurationPlatforms) = postSolution
		{F4DCB939-CFA1-4722-862A-BB1566655BB8}.Debug|Any CPU.ActiveCfg = Debug|Any CPU
		{F4DCB939-CFA1-4722-862A-BB1566655BB8}.Debug|Any CPU.Build.0 = Debug|Any CPU
		{F4DCB939-CFA1-4722-862A-BB1566655BB8}.Release|Any CPU.ActiveCfg = Release|Any CPU
		{F4DCB939-CFA1-4722-862A-BB1566655BB8}.Release|Any CPU.Build.0 = Release|Any CPU
		{71037962-B62B-4FDB-A696-A565834E233C}.Debug|Any CPU.ActiveCfg = Debug|Any CPU
		{71037962-B62B-4FDB-A696-A565834E233C}.Debug|Any CPU.Build.0 = Debug|Any CPU
		{71037962-B62B-4FDB-A696-A565834E233C}.Release|Any CPU.ActiveCfg = Release|Any CPU
		{71037962-B62B-4FDB-A696-A565834E233C}.Release|Any CPU.Build.0 = Release|Any CPU
		{25C2A93F-F551-4624-A704-EF35BDA79FBA}.Debug|Any CPU.ActiveCfg = Debug|Any CPU
		{25C2A93F-F551-4624-A704-EF35BDA79FBA}.Debug|Any CPU.Build.0 = Debug|Any CPU
		{25C2A93F-F551-4624-A704-EF35BDA79FBA}.Release|Any CPU.ActiveCfg = Release|Any CPU
		{25C2A93F-F551-4624-A704-EF35BDA79FBA}.Release|Any CPU.Build.0 = Release|Any CPU
		{E9D22551-FC28-4672-9D1D-8ADDCB0EE953}.Debug|Any CPU.ActiveCfg = Debug|Any CPU
		{E9D22551-FC28-4672-9D1D-8ADDCB0EE953}.Debug|Any CPU.Build.0 = Debug|Any CPU
		{E9D22551-FC28-4672-9D1D-8ADDCB0EE953}.Release|Any CPU.ActiveCfg = Release|Any CPU
		{E9D22551-FC28-4672-9D1D-8ADDCB0EE953}.Release|Any CPU.Build.0 = Release|Any CPU
		{B0C42682-692C-4E81-8B6D-7ACDE8C69E06}.Debug|Any CPU.ActiveCfg = Debug|Any CPU
		{B0C42682-692C-4E81-8B6D-7ACDE8C69E06}.Debug|Any CPU.Build.0 = Debug|Any CPU
		{B0C42682-692C-4E81-8B6D-7ACDE8C69E06}.Release|Any CPU.ActiveCfg = Release|Any CPU
		{B0C42682-692C-4E81-8B6D-7ACDE8C69E06}.Release|Any CPU.Build.0 = Release|Any CPU
	EndGlobalSection
	GlobalSection(SolutionProperties) = preSolution
		HideSolutionNode = FALSE
	EndGlobalSection
	GlobalSection(ExtensibilityGlobals) = postSolution
		SolutionGuid = {EA096FDC-6A92-4680-AD74-736A6237118F}
	EndGlobalSection
EndGlobal
